
Microsoft Visual Studio Solution File, Format Version 12.00
# Visual Studio 15
VisualStudioVersion = 15.0.26124.0
MinimumVisualStudioVersion = 15.0.26124.0
Project("{2150E333-8FDC-42A3-9474-1A3956D46DE8}") = "src", "src", "{48052532-BA78-44E6-98C2-1EAF7D0E8213}"
EndProject
Project("{FAE04EC0-301F-11D3-BF4B-00C04F79EFBC}") = "BlazorUI", "src\BlazorUI\BlazorUI.csproj", "{459DB34D-B840-4673-8860-71E8C20557C3}"
EndProject
Project("{FAE04EC0-301F-11D3-BF4B-00C04F79EFBC}") = "BLL", "src\BLL\BLL.csproj", "{7977A23A-D482-421C-9AF0-4B4D302E98F7}"
EndProject
Project("{FAE04EC0-301F-11D3-BF4B-00C04F79EFBC}") = "DAL", "src\DAL\DAL.csproj", "{96359431-6E2A-4858-A6DD-9F435571B722}"
EndProject
Global
	GlobalSection(SolutionConfigurationPlatforms) = preSolution
		Debug|Any CPU = Debug|Any CPU
		Debug|x64 = Debug|x64
		Debug|x86 = Debug|x86
		Release|Any CPU = Release|Any CPU
		Release|x64 = Release|x64
		Release|x86 = Release|x86
	EndGlobalSection
	GlobalSection(SolutionProperties) = preSolution
		HideSolutionNode = FALSE
	EndGlobalSection
	GlobalSection(ProjectConfigurationPlatforms) = postSolution
		{459DB34D-B840-4673-8860-71E8C20557C3}.Debug|Any CPU.ActiveCfg = Debug|Any CPU
		{459DB34D-B840-4673-8860-71E8C20557C3}.Debug|Any CPU.Build.0 = Debug|Any CPU
		{459DB34D-B840-4673-8860-71E8C20557C3}.Debug|x64.ActiveCfg = Debug|Any CPU
		{459DB34D-B840-4673-8860-71E8C20557C3}.Debug|x64.Build.0 = Debug|Any CPU
		{459DB34D-B840-4673-8860-71E8C20557C3}.Debug|x86.ActiveCfg = Debug|Any CPU
		{459DB34D-B840-4673-8860-71E8C20557C3}.Debug|x86.Build.0 = Debug|Any CPU
		{459DB34D-B840-4673-8860-71E8C20557C3}.Release|Any CPU.ActiveCfg = Release|Any CPU
		{459DB34D-B840-4673-8860-71E8C20557C3}.Release|Any CPU.Build.0 = Release|Any CPU
		{459DB34D-B840-4673-8860-71E8C20557C3}.Release|x64.ActiveCfg = Release|Any CPU
		{459DB34D-B840-4673-8860-71E8C20557C3}.Release|x64.Build.0 = Release|Any CPU
		{459DB34D-B840-4673-8860-71E8C20557C3}.Release|x86.ActiveCfg = Release|Any CPU
		{459DB34D-B840-4673-8860-71E8C20557C3}.Release|x86.Build.0 = Release|Any CPU
		{7977A23A-D482-421C-9AF0-4B4D302E98F7}.Debug|Any CPU.ActiveCfg = Debug|Any CPU
		{7977A23A-D482-421C-9AF0-4B4D302E98F7}.Debug|Any CPU.Build.0 = Debug|Any CPU
		{7977A23A-D482-421C-9AF0-4B4D302E98F7}.Debug|x64.ActiveCfg = Debug|Any CPU
		{7977A23A-D482-421C-9AF0-4B4D302E98F7}.Debug|x64.Build.0 = Debug|Any CPU
		{7977A23A-D482-421C-9AF0-4B4D302E98F7}.Debug|x86.ActiveCfg = Debug|Any CPU
		{7977A23A-D482-421C-9AF0-4B4D302E98F7}.Debug|x86.Build.0 = Debug|Any CPU
		{7977A23A-D482-421C-9AF0-4B4D302E98F7}.Release|Any CPU.ActiveCfg = Release|Any CPU
		{7977A23A-D482-421C-9AF0-4B4D302E98F7}.Release|Any CPU.Build.0 = Release|Any CPU
		{7977A23A-D482-421C-9AF0-4B4D302E98F7}.Release|x64.ActiveCfg = Release|Any CPU
		{7977A23A-D482-421C-9AF0-4B4D302E98F7}.Release|x64.Build.0 = Release|Any CPU
		{7977A23A-D482-421C-9AF0-4B4D302E98F7}.Release|x86.ActiveCfg = Release|Any CPU
		{7977A23A-D482-421C-9AF0-4B4D302E98F7}.Release|x86.Build.0 = Release|Any CPU
		{96359431-6E2A-4858-A6DD-9F435571B722}.Debug|Any CPU.ActiveCfg = Debug|Any CPU
		{96359431-6E2A-4858-A6DD-9F435571B722}.Debug|Any CPU.Build.0 = Debug|Any CPU
		{96359431-6E2A-4858-A6DD-9F435571B722}.Debug|x64.ActiveCfg = Debug|Any CPU
		{96359431-6E2A-4858-A6DD-9F435571B722}.Debug|x64.Build.0 = Debug|Any CPU
		{96359431-6E2A-4858-A6DD-9F435571B722}.Debug|x86.ActiveCfg = Debug|Any CPU
		{96359431-6E2A-4858-A6DD-9F435571B722}.Debug|x86.Build.0 = Debug|Any CPU
		{96359431-6E2A-4858-A6DD-9F435571B722}.Release|Any CPU.ActiveCfg = Release|Any CPU
		{96359431-6E2A-4858-A6DD-9F435571B722}.Release|Any CPU.Build.0 = Release|Any CPU
		{96359431-6E2A-4858-A6DD-9F435571B722}.Release|x64.ActiveCfg = Release|Any CPU
		{96359431-6E2A-4858-A6DD-9F435571B722}.Release|x64.Build.0 = Release|Any CPU
		{96359431-6E2A-4858-A6DD-9F435571B722}.Release|x86.ActiveCfg = Release|Any CPU
		{96359431-6E2A-4858-A6DD-9F435571B722}.Release|x86.Build.0 = Release|Any CPU
	EndGlobalSection
	GlobalSection(NestedProjects) = preSolution
		{459DB34D-B840-4673-8860-71E8C20557C3} = {48052532-BA78-44E6-98C2-1EAF7D0E8213}
		{7977A23A-D482-421C-9AF0-4B4D302E98F7} = {48052532-BA78-44E6-98C2-1EAF7D0E8213}
		{96359431-6E2A-4858-A6DD-9F435571B722} = {48052532-BA78-44E6-98C2-1EAF7D0E8213}
	EndGlobalSection
EndGlobal
